
Microsoft Visual Studio Solution File, Format Version 12.00
# Visual Studio Version 16
VisualStudioVersion = 16.0.31321.278
MinimumVisualStudioVersion = 10.0.40219.1
Project("{9A19103F-16F7-4668-BE54-9A1E7A4F7556}") = "PetShopChallenge", "petShopChallenge\PetShopChallenge.csproj", "{E3603013-B43A-4C99-928B-4C669DA4C715}"
EndProject
Project("{9A19103F-16F7-4668-BE54-9A1E7A4F7556}") = "PetshopChallenge.Application", "PetshopChallenge.Application\PetshopChallenge.Application.csproj", "{C53D6EE9-EE45-4768-9A68-02C2B6AB08AA}"
EndProject
Project("{FAE04EC0-301F-11D3-BF4B-00C04F79EFBC}") = "PetshopChallenge.Domain", "PetshopChallenge.Domain\PetshopChallenge.Domain.csproj", "{AE7B3AC5-403E-49A0-A8A9-A789A5E6D82E}"
EndProject
Project("{FAE04EC0-301F-11D3-BF4B-00C04F79EFBC}") = "PetshopChallenge.Infra", "PetshopChallenge.Infra\PetshopChallenge.Infra.csproj", "{536331C8-0C3A-4A31-A5D1-5BA73E391E71}"
EndProject
Project("{FAE04EC0-301F-11D3-BF4B-00C04F79EFBC}") = "PetshopChallenge.Shared", "PetshopChallenge.Shared\PetshopChallenge.Shared.csproj", "{5E82F0EF-1671-4265-A4DA-C21F22008752}"
EndProject
Global
	GlobalSection(SolutionConfigurationPlatforms) = preSolution
		Debug|Any CPU = Debug|Any CPU
		Release|Any CPU = Release|Any CPU
	EndGlobalSection
	GlobalSection(ProjectConfigurationPlatforms) = postSolution
		{E3603013-B43A-4C99-928B-4C669DA4C715}.Debug|Any CPU.ActiveCfg = Debug|Any CPU
		{E3603013-B43A-4C99-928B-4C669DA4C715}.Debug|Any CPU.Build.0 = Debug|Any CPU
		{E3603013-B43A-4C99-928B-4C669DA4C715}.Release|Any CPU.ActiveCfg = Release|Any CPU
		{E3603013-B43A-4C99-928B-4C669DA4C715}.Release|Any CPU.Build.0 = Release|Any CPU
		{C53D6EE9-EE45-4768-9A68-02C2B6AB08AA}.Debug|Any CPU.ActiveCfg = Debug|Any CPU
		{C53D6EE9-EE45-4768-9A68-02C2B6AB08AA}.Debug|Any CPU.Build.0 = Debug|Any CPU
		{C53D6EE9-EE45-4768-9A68-02C2B6AB08AA}.Release|Any CPU.ActiveCfg = Release|Any CPU
		{C53D6EE9-EE45-4768-9A68-02C2B6AB08AA}.Release|Any CPU.Build.0 = Release|Any CPU
		{AE7B3AC5-403E-49A0-A8A9-A789A5E6D82E}.Debug|Any CPU.ActiveCfg = Debug|Any CPU
		{AE7B3AC5-403E-49A0-A8A9-A789A5E6D82E}.Debug|Any CPU.Build.0 = Debug|Any CPU
		{AE7B3AC5-403E-49A0-A8A9-A789A5E6D82E}.Release|Any CPU.ActiveCfg = Release|Any CPU
		{AE7B3AC5-403E-49A0-A8A9-A789A5E6D82E}.Release|Any CPU.Build.0 = Release|Any CPU
		{536331C8-0C3A-4A31-A5D1-5BA73E391E71}.Debug|Any CPU.ActiveCfg = Debug|Any CPU
		{536331C8-0C3A-4A31-A5D1-5BA73E391E71}.Debug|Any CPU.Build.0 = Debug|Any CPU
		{536331C8-0C3A-4A31-A5D1-5BA73E391E71}.Release|Any CPU.ActiveCfg = Release|Any CPU
		{536331C8-0C3A-4A31-A5D1-5BA73E391E71}.Release|Any CPU.Build.0 = Release|Any CPU
		{5E82F0EF-1671-4265-A4DA-C21F22008752}.Debug|Any CPU.ActiveCfg = Debug|Any CPU
		{5E82F0EF-1671-4265-A4DA-C21F22008752}.Debug|Any CPU.Build.0 = Debug|Any CPU
		{5E82F0EF-1671-4265-A4DA-C21F22008752}.Release|Any CPU.ActiveCfg = Release|Any CPU
		{5E82F0EF-1671-4265-A4DA-C21F22008752}.Release|Any CPU.Build.0 = Release|Any CPU
	EndGlobalSection
	GlobalSection(SolutionProperties) = preSolution
		HideSolutionNode = FALSE
	EndGlobalSection
	GlobalSection(ExtensibilityGlobals) = postSolution
		SolutionGuid = {A7BC99DF-B1D2-4818-B2C9-DDB8E57FD53C}
	EndGlobalSection
EndGlobal
